// !$*UTF8*$!
{
	archiveVersion = 1;
	classes = {
	};
	objectVersion = 50;
	objects = {

/* Begin PBXBuildFile section */
		094FDC91217BAFFD003E8A0E /* AppDelegate.swift in Sources */ = {isa = PBXBuildFile; fileRef = 094FDC90217BAFFD003E8A0E /* AppDelegate.swift */; };
		094FDC93217BAFFD003E8A0E /* ViewController.swift in Sources */ = {isa = PBXBuildFile; fileRef = 094FDC92217BAFFD003E8A0E /* ViewController.swift */; };
		094FDC96217BAFFD003E8A0E /* Main.storyboard in Resources */ = {isa = PBXBuildFile; fileRef = 094FDC94217BAFFD003E8A0E /* Main.storyboard */; };
		094FDC98217BB002003E8A0E /* Assets.xcassets in Resources */ = {isa = PBXBuildFile; fileRef = 094FDC97217BB002003E8A0E /* Assets.xcassets */; };
		094FDC9B217BB002003E8A0E /* LaunchScreen.storyboard in Resources */ = {isa = PBXBuildFile; fileRef = 094FDC99217BB002003E8A0E /* LaunchScreen.storyboard */; };
		094FDCA6217BB002003E8A0E /* FlashCardsTests.swift in Sources */ = {isa = PBXBuildFile; fileRef = 094FDCA5217BB002003E8A0E /* FlashCardsTests.swift */; };
		094FDCB1217BB002003E8A0E /* FlashCardsUITests.swift in Sources */ = {isa = PBXBuildFile; fileRef = 094FDCB0217BB002003E8A0E /* FlashCardsUITests.swift */; };
/* End PBXBuildFile section */

/* Begin PBXContainerItemProxy section */
		094FDCA2217BB002003E8A0E /* PBXContainerItemProxy */ = {
			isa = PBXContainerItemProxy;
			containerPortal = 094FDC85217BAFFC003E8A0E /* Project object */;
			proxyType = 1;
			remoteGlobalIDString = 094FDC8C217BAFFC003E8A0E;
			remoteInfo = FlashCards;
		};
		094FDCAD217BB002003E8A0E /* PBXContainerItemProxy */ = {
			isa = PBXContainerItemProxy;
			containerPortal = 094FDC85217BAFFC003E8A0E /* Project object */;
			proxyType = 1;
			remoteGlobalIDString = 094FDC8C217BAFFC003E8A0E;
			remoteInfo = FlashCards;
		};
/* End PBXContainerItemProxy section */

/* Begin PBXFileReference section */
		094FDC8D217BAFFC003E8A0E /* FlashCards.app */ = {isa = PBXFileReference; explicitFileType = wrapper.application; includeInIndex = 0; path = FlashCards.app; sourceTree = BUILT_PRODUCTS_DIR; };
		094FDC90217BAFFD003E8A0E /* AppDelegate.swift */ = {isa = PBXFileReference; lastKnownFileType = sourcecode.swift; path = AppDelegate.swift; sourceTree = "<group>"; };
		094FDC92217BAFFD003E8A0E /* ViewController.swift */ = {isa = PBXFileReference; lastKnownFileType = sourcecode.swift; path = ViewController.swift; sourceTree = "<group>"; };
		094FDC95217BAFFD003E8A0E /* Base */ = {isa = PBXFileReference; lastKnownFileType = file.storyboard; name = Base; path = Base.lproj/Main.storyboard; sourceTree = "<group>"; };
		094FDC97217BB002003E8A0E /* Assets.xcassets */ = {isa = PBXFileReference; lastKnownFileType = folder.assetcatalog; path = Assets.xcassets; sourceTree = "<group>"; };
		094FDC9A217BB002003E8A0E /* Base */ = {isa = PBXFileReference; lastKnownFileType = file.storyboard; name = Base; path = Base.lproj/LaunchScreen.storyboard; sourceTree = "<group>"; };
		094FDC9C217BB002003E8A0E /* Info.plist */ = {isa = PBXFileReference; lastKnownFileType = text.plist.xml; path = Info.plist; sourceTree = "<group>"; };
		094FDCA1217BB002003E8A0E /* FlashCardsTests.xctest */ = {isa = PBXFileReference; explicitFileType = wrapper.cfbundle; includeInIndex = 0; path = FlashCardsTests.xctest; sourceTree = BUILT_PRODUCTS_DIR; };
		094FDCA5217BB002003E8A0E /* FlashCardsTests.swift */ = {isa = PBXFileReference; lastKnownFileType = sourcecode.swift; path = FlashCardsTests.swift; sourceTree = "<group>"; };
		094FDCA7217BB002003E8A0E /* Info.plist */ = {isa = PBXFileReference; lastKnownFileType = text.plist.xml; path = Info.plist; sourceTree = "<group>"; };
		094FDCAC217BB002003E8A0E /* FlashCardsUITests.xctest */ = {isa = PBXFileReference; explicitFileType = wrapper.cfbundle; includeInIndex = 0; path = FlashCardsUITests.xctest; sourceTree = BUILT_PRODUCTS_DIR; };
		094FDCB0217BB002003E8A0E /* FlashCardsUITests.swift */ = {isa = PBXFileReference; lastKnownFileType = sourcecode.swift; path = FlashCardsUITests.swift; sourceTree = "<group>"; };
		094FDCB2217BB002003E8A0E /* Info.plist */ = {isa = PBXFileReference; lastKnownFileType = text.plist.xml; path = Info.plist; sourceTree = "<group>"; };
/* End PBXFileReference section */

/* Begin PBXFrameworksBuildPhase section */
		094FDC8A217BAFFC003E8A0E /* Frameworks */ = {
			isa = PBXFrameworksBuildPhase;
			buildActionMask = 2147483647;
			files = (
			);
			runOnlyForDeploymentPostprocessing = 0;
		};
		094FDC9E217BB002003E8A0E /* Frameworks */ = {
			isa = PBXFrameworksBuildPhase;
			buildActionMask = 2147483647;
			files = (
			);
			runOnlyForDeploymentPostprocessing = 0;
		};
		094FDCA9217BB002003E8A0E /* Frameworks */ = {
			isa = PBXFrameworksBuildPhase;
			buildActionMask = 2147483647;
			files = (
			);
			runOnlyForDeploymentPostprocessing = 0;
		};
/* End PBXFrameworksBuildPhase section */

/* Begin PBXGroup section */
		094FDC84217BAFFC003E8A0E = {
			isa = PBXGroup;
			children = (
				094FDC8F217BAFFC003E8A0E /* FlashCards */,
				094FDCA4217BB002003E8A0E /* FlashCardsTests */,
				094FDCAF217BB002003E8A0E /* FlashCardsUITests */,
				094FDC8E217BAFFC003E8A0E /* Products */,
			);
			sourceTree = "<group>";
		};
		094FDC8E217BAFFC003E8A0E /* Products */ = {
			isa = PBXGroup;
			children = (
				094FDC8D217BAFFC003E8A0E /* FlashCards.app */,
				094FDCA1217BB002003E8A0E /* FlashCardsTests.xctest */,
				094FDCAC217BB002003E8A0E /* FlashCardsUITests.xctest */,
			);
			name = Products;
			sourceTree = "<group>";
		};
		094FDC8F217BAFFC003E8A0E /* FlashCards */ = {
			isa = PBXGroup;
			children = (
				094FDC90217BAFFD003E8A0E /* AppDelegate.swift */,
				094FDC92217BAFFD003E8A0E /* ViewController.swift */,
				094FDC94217BAFFD003E8A0E /* Main.storyboard */,
				094FDC97217BB002003E8A0E /* Assets.xcassets */,
				094FDC99217BB002003E8A0E /* LaunchScreen.storyboard */,
				094FDC9C217BB002003E8A0E /* Info.plist */,
			);
			path = FlashCards;
			sourceTree = "<group>";
		};
		094FDCA4217BB002003E8A0E /* FlashCardsTests */ = {
			isa = PBXGroup;
			children = (
				094FDCA5217BB002003E8A0E /* FlashCardsTests.swift */,
				094FDCA7217BB002003E8A0E /* Info.plist */,
			);
			path = FlashCardsTests;
			sourceTree = "<group>";
		};
		094FDCAF217BB002003E8A0E /* FlashCardsUITests */ = {
			isa = PBXGroup;
			children = (
				094FDCB0217BB002003E8A0E /* FlashCardsUITests.swift */,
				094FDCB2217BB002003E8A0E /* Info.plist */,
			);
			path = FlashCardsUITests;
			sourceTree = "<group>";
		};
/* End PBXGroup section */

/* Begin PBXNativeTarget section */
		094FDC8C217BAFFC003E8A0E /* FlashCards */ = {
			isa = PBXNativeTarget;
			buildConfigurationList = 094FDCB5217BB002003E8A0E /* Build configuration list for PBXNativeTarget "FlashCards" */;
			buildPhases = (
				094FDC89217BAFFC003E8A0E /* Sources */,
				094FDC8A217BAFFC003E8A0E /* Frameworks */,
				094FDC8B217BAFFC003E8A0E /* Resources */,
			);
			buildRules = (
			);
			dependencies = (
			);
			name = FlashCards;
			productName = FlashCards;
			productReference = 094FDC8D217BAFFC003E8A0E /* FlashCards.app */;
			productType = "com.apple.product-type.application";
		};
		094FDCA0217BB002003E8A0E /* FlashCardsTests */ = {
			isa = PBXNativeTarget;
			buildConfigurationList = 094FDCB8217BB002003E8A0E /* Build configuration list for PBXNativeTarget "FlashCardsTests" */;
			buildPhases = (
				094FDC9D217BB002003E8A0E /* Sources */,
				094FDC9E217BB002003E8A0E /* Frameworks */,
				094FDC9F217BB002003E8A0E /* Resources */,
			);
			buildRules = (
			);
			dependencies = (
				094FDCA3217BB002003E8A0E /* PBXTargetDependency */,
			);
			name = FlashCardsTests;
			productName = FlashCardsTests;
			productReference = 094FDCA1217BB002003E8A0E /* FlashCardsTests.xctest */;
			productType = "com.apple.product-type.bundle.unit-test";
		};
		094FDCAB217BB002003E8A0E /* FlashCardsUITests */ = {
			isa = PBXNativeTarget;
			buildConfigurationList = 094FDCBB217BB002003E8A0E /* Build configuration list for PBXNativeTarget "FlashCardsUITests" */;
			buildPhases = (
				094FDCA8217BB002003E8A0E /* Sources */,
				094FDCA9217BB002003E8A0E /* Frameworks */,
				094FDCAA217BB002003E8A0E /* Resources */,
			);
			buildRules = (
			);
			dependencies = (
				094FDCAE217BB002003E8A0E /* PBXTargetDependency */,
			);
			name = FlashCardsUITests;
			productName = FlashCardsUITests;
			productReference = 094FDCAC217BB002003E8A0E /* FlashCardsUITests.xctest */;
			productType = "com.apple.product-type.bundle.ui-testing";
		};
/* End PBXNativeTarget section */

/* Begin PBXProject section */
		094FDC85217BAFFC003E8A0E /* Project object */ = {
			isa = PBXProject;
			attributes = {
				LastSwiftUpdateCheck = 1000;
				LastUpgradeCheck = 1000;
				ORGANIZATIONNAME = "Nikesh Parajuli";
				TargetAttributes = {
					094FDC8C217BAFFC003E8A0E = {
						CreatedOnToolsVersion = 10.0;
					};
					094FDCA0217BB002003E8A0E = {
						CreatedOnToolsVersion = 10.0;
						TestTargetID = 094FDC8C217BAFFC003E8A0E;
					};
					094FDCAB217BB002003E8A0E = {
						CreatedOnToolsVersion = 10.0;
						TestTargetID = 094FDC8C217BAFFC003E8A0E;
					};
				};
			};
			buildConfigurationList = 094FDC88217BAFFC003E8A0E /* Build configuration list for PBXProject "FlashCards" */;
			compatibilityVersion = "Xcode 9.3";
			developmentRegion = en;
			hasScannedForEncodings = 0;
			knownRegions = (
				en,
				Base,
			);
			mainGroup = 094FDC84217BAFFC003E8A0E;
			productRefGroup = 094FDC8E217BAFFC003E8A0E /* Products */;
			projectDirPath = "";
			projectRoot = "";
			targets = (
				094FDC8C217BAFFC003E8A0E /* FlashCards */,
				094FDCA0217BB002003E8A0E /* FlashCardsTests */,
				094FDCAB217BB002003E8A0E /* FlashCardsUITests */,
			);
		};
/* End PBXProject section */

/* Begin PBXResourcesBuildPhase section */
		094FDC8B217BAFFC003E8A0E /* Resources */ = {
			isa = PBXResourcesBuildPhase;
			buildActionMask = 2147483647;
			files = (
				094FDC9B217BB002003E8A0E /* LaunchScreen.storyboard in Resources */,
				094FDC98217BB002003E8A0E /* Assets.xcassets in Resources */,
				094FDC96217BAFFD003E8A0E /* Main.storyboard in Resources */,
			);
			runOnlyForDeploymentPostprocessing = 0;
		};
		094FDC9F217BB002003E8A0E /* Resources */ = {
			isa = PBXResourcesBuildPhase;
			buildActionMask = 2147483647;
			files = (
			);
			runOnlyForDeploymentPostprocessing = 0;
		};
		094FDCAA217BB002003E8A0E /* Resources */ = {
			isa = PBXResourcesBuildPhase;
			buildActionMask = 2147483647;
			files = (
			);
			runOnlyForDeploymentPostprocessing = 0;
		};
/* End PBXResourcesBuildPhase section */

/* Begin PBXSourcesBuildPhase section */
		094FDC89217BAFFC003E8A0E /* Sources */ = {
			isa = PBXSourcesBuildPhase;
			buildActionMask = 2147483647;
			files = (
				094FDC93217BAFFD003E8A0E /* ViewController.swift in Sources */,
				094FDC91217BAFFD003E8A0E /* AppDelegate.swift in Sources */,
			);
			runOnlyForDeploymentPostprocessing = 0;
		};
		094FDC9D217BB002003E8A0E /* Sources */ = {
			isa = PBXSourcesBuildPhase;
			buildActionMask = 2147483647;
			files = (
				094FDCA6217BB002003E8A0E /* FlashCardsTests.swift in Sources */,
			);
			runOnlyForDeploymentPostprocessing = 0;
		};
		094FDCA8217BB002003E8A0E /* Sources */ = {
			isa = PBXSourcesBuildPhase;
			buildActionMask = 2147483647;
			files = (
				094FDCB1217BB002003E8A0E /* FlashCardsUITests.swift in Sources */,
			);
			runOnlyForDeploymentPostprocessing = 0;
		};
/* End PBXSourcesBuildPhase section */

/* Begin PBXTargetDependency section */
		094FDCA3217BB002003E8A0E /* PBXTargetDependency */ = {
			isa = PBXTargetDependency;
			target = 094FDC8C217BAFFC003E8A0E /* FlashCards */;
			targetProxy = 094FDCA2217BB002003E8A0E /* PBXContainerItemProxy */;
		};
		094FDCAE217BB002003E8A0E /* PBXTargetDependency */ = {
			isa = PBXTargetDependency;
			target = 094FDC8C217BAFFC003E8A0E /* FlashCards */;
			targetProxy = 094FDCAD217BB002003E8A0E /* PBXContainerItemProxy */;
		};
/* End PBXTargetDependency section */

/* Begin PBXVariantGroup section */
		094FDC94217BAFFD003E8A0E /* Main.storyboard */ = {
			isa = PBXVariantGroup;
			children = (
				094FDC95217BAFFD003E8A0E /* Base */,
			);
			name = Main.storyboard;
			sourceTree = "<group>";
		};
		094FDC99217BB002003E8A0E /* LaunchScreen.storyboard */ = {
			isa = PBXVariantGroup;
			children = (
				094FDC9A217BB002003E8A0E /* Base */,
			);
			name = LaunchScreen.storyboard;
			sourceTree = "<group>";
		};
/* End PBXVariantGroup section */

/* Begin XCBuildConfiguration section */
		094FDCB3217BB002003E8A0E /* Debug */ = {
			isa = XCBuildConfiguration;
			buildSettings = {
				ALWAYS_SEARCH_USER_PATHS = NO;
				CLANG_ANALYZER_NONNULL = YES;
				CLANG_ANALYZER_NUMBER_OBJECT_CONVERSION = YES_AGGRESSIVE;
				CLANG_CXX_LANGUAGE_STANDARD = "gnu++14";
				CLANG_CXX_LIBRARY = "libc++";
				CLANG_ENABLE_MODULES = YES;
				CLANG_ENABLE_OBJC_ARC = YES;
				CLANG_ENABLE_OBJC_WEAK = YES;
				CLANG_WARN_BLOCK_CAPTURE_AUTORELEASING = YES;
				CLANG_WARN_BOOL_CONVERSION = YES;
				CLANG_WARN_COMMA = YES;
				CLANG_WARN_CONSTANT_CONVERSION = YES;
				CLANG_WARN_DEPRECATED_OBJC_IMPLEMENTATIONS = YES;
				CLANG_WARN_DIRECT_OBJC_ISA_USAGE = YES_ERROR;
				CLANG_WARN_DOCUMENTATION_COMMENTS = YES;
				CLANG_WARN_EMPTY_BODY = YES;
				CLANG_WARN_ENUM_CONVERSION = YES;
				CLANG_WARN_INFINITE_RECURSION = YES;
				CLANG_WARN_INT_CONVERSION = YES;
				CLANG_WARN_NON_LITERAL_NULL_CONVERSION = YES;
				CLANG_WARN_OBJC_IMPLICIT_RETAIN_SELF = YES;
				CLANG_WARN_OBJC_LITERAL_CONVERSION = YES;
				CLANG_WARN_OBJC_ROOT_CLASS = YES_ERROR;
				CLANG_WARN_RANGE_LOOP_ANALYSIS = YES;
				CLANG_WARN_STRICT_PROTOTYPES = YES;
				CLANG_WARN_SUSPICIOUS_MOVE = YES;
				CLANG_WARN_UNGUARDED_AVAILABILITY = YES_AGGRESSIVE;
				CLANG_WARN_UNREACHABLE_CODE = YES;
				CLANG_WARN__DUPLICATE_METHOD_MATCH = YES;
				CODE_SIGN_IDENTITY = "iPhone Developer";
				COPY_PHASE_STRIP = NO;
				DEBUG_INFORMATION_FORMAT = dwarf;
				ENABLE_STRICT_OBJC_MSGSEND = YES;
				ENABLE_TESTABILITY = YES;
				GCC_C_LANGUAGE_STANDARD = gnu11;
				GCC_DYNAMIC_NO_PIC = NO;
				GCC_NO_COMMON_BLOCKS = YES;
				GCC_OPTIMIZATION_LEVEL = 0;
				GCC_PREPROCESSOR_DEFINITIONS = (
					"DEBUG=1",
					"$(inherited)",
				);
				GCC_WARN_64_TO_32_BIT_CONVERSION = YES;
				GCC_WARN_ABOUT_RETURN_TYPE = YES_ERROR;
				GCC_WARN_UNDECLARED_SELECTOR = YES;
				GCC_WARN_UNINITIALIZED_AUTOS = YES_AGGRESSIVE;
				GCC_WARN_UNUSED_FUNCTION = YES;
				GCC_WARN_UNUSED_VARIABLE = YES;
				IPHONEOS_DEPLOYMENT_TARGET = 12.0;
				MTL_ENABLE_DEBUG_INFO = INCLUDE_SOURCE;
				MTL_FAST_MATH = YES;
				ONLY_ACTIVE_ARCH = YES;
				SDKROOT = iphoneos;
				SWIFT_ACTIVE_COMPILATION_CONDITIONS = DEBUG;
				SWIFT_OPTIMIZATION_LEVEL = "-Onone";
			};
			name = Debug;
		};
		094FDCB4217BB002003E8A0E /* Release */ = {
			isa = XCBuildConfiguration;
			buildSettings = {
				ALWAYS_SEARCH_USER_PATHS = NO;
				CLANG_ANALYZER_NONNULL = YES;
				CLANG_ANALYZER_NUMBER_OBJECT_CONVERSION = YES_AGGRESSIVE;
				CLANG_CXX_LANGUAGE_STANDARD = "gnu++14";
				CLANG_CXX_LIBRARY = "libc++";
				CLANG_ENABLE_MODULES = YES;
				CLANG_ENABLE_OBJC_ARC = YES;
				CLANG_ENABLE_OBJC_WEAK = YES;
				CLANG_WARN_BLOCK_CAPTURE_AUTORELEASING = YES;
				CLANG_WARN_BOOL_CONVERSION = YES;
				CLANG_WARN_COMMA = YES;
				CLANG_WARN_CONSTANT_CONVERSION = YES;
				CLANG_WARN_DEPRECATED_OBJC_IMPLEMENTATIONS = YES;
				CLANG_WARN_DIRECT_OBJC_ISA_USAGE = YES_ERROR;
				CLANG_WARN_DOCUMENTATION_COMMENTS = YES;
				CLANG_WARN_EMPTY_BODY = YES;
				CLANG_WARN_ENUM_CONVERSION = YES;
				CLANG_WARN_INFINITE_RECURSION = YES;
				CLANG_WARN_INT_CONVERSION = YES;
				CLANG_WARN_NON_LITERAL_NULL_CONVERSION = YES;
				CLANG_WARN_OBJC_IMPLICIT_RETAIN_SELF = YES;
				CLANG_WARN_OBJC_LITERAL_CONVERSION = YES;
				CLANG_WARN_OBJC_ROOT_CLASS = YES_ERROR;
				CLANG_WARN_RANGE_LOOP_ANALYSIS = YES;
				CLANG_WARN_STRICT_PROTOTYPES = YES;
				CLANG_WARN_SUSPICIOUS_MOVE = YES;
				CLANG_WARN_UNGUARDED_AVAILABILITY = YES_AGGRESSIVE;
				CLANG_WARN_UNREACHABLE_CODE = YES;
				CLANG_WARN__DUPLICATE_METHOD_MATCH = YES;
				CODE_SIGN_IDENTITY = "iPhone Developer";
				COPY_PHASE_STRIP = NO;
				DEBUG_INFORMATION_FORMAT = "dwarf-with-dsym";
				ENABLE_NS_ASSERTIONS = NO;
				ENABLE_STRICT_OBJC_MSGSEND = YES;
				GCC_C_LANGUAGE_STANDARD = gnu11;
				GCC_NO_COMMON_BLOCKS = YES;
				GCC_WARN_64_TO_32_BIT_CONVERSION = YES;
				GCC_WARN_ABOUT_RETURN_TYPE = YES_ERROR;
				GCC_WARN_UNDECLARED_SELECTOR = YES;
				GCC_WARN_UNINITIALIZED_AUTOS = YES_AGGRESSIVE;
				GCC_WARN_UNUSED_FUNCTION = YES;
				GCC_WARN_UNUSED_VARIABLE = YES;
				IPHONEOS_DEPLOYMENT_TARGET = 12.0;
				MTL_ENABLE_DEBUG_INFO = NO;
				MTL_FAST_MATH = YES;
				SDKROOT = iphoneos;
				SWIFT_COMPILATION_MODE = wholemodule;
				SWIFT_OPTIMIZATION_LEVEL = "-O";
				VALIDATE_PRODUCT = YES;
			};
			name = Release;
		};
		094FDCB6217BB002003E8A0E /* Debug */ = {
			isa = XCBuildConfiguration;
			buildSettings = {
				ASSETCATALOG_COMPILER_APPICON_NAME = AppIcon;
				CODE_SIGN_STYLE = Automatic;
				INFOPLIST_FILE = FlashCards/Info.plist;
				LD_RUNPATH_SEARCH_PATHS = (
					"$(inherited)",
					"@executable_path/Frameworks",
				);
				PRODUCT_BUNDLE_IDENTIFIER = com.nikesh.FlashCards;
				PRODUCT_NAME = "$(TARGET_NAME)";
				SWIFT_VERSION = 4.2;
				TARGETED_DEVICE_FAMILY = "1,2";
			};
			name = Debug;
		};
		094FDCB7217BB002003E8A0E /* Release */ = {
			isa = XCBuildConfiguration;
			buildSettings = {
				ASSETCATALOG_COMPILER_APPICON_NAME = AppIcon;
				CODE_SIGN_STYLE = Automatic;
				INFOPLIST_FILE = FlashCards/Info.plist;
				LD_RUNPATH_SEARCH_PATHS = (
					"$(inherited)",
					"@executable_path/Frameworks",
				);
				PRODUCT_BUNDLE_IDENTIFIER = com.nikesh.FlashCards;
				PRODUCT_NAME = "$(TARGET_NAME)";
				SWIFT_VERSION = 4.2;
				TARGETED_DEVICE_FAMILY = "1,2";
			};
			name = Release;
		};
		094FDCB9217BB002003E8A0E /* Debug */ = {
			isa = XCBuildConfiguration;
			buildSettings = {
				ALWAYS_EMBED_SWIFT_STANDARD_LIBRARIES = YES;
				BUNDLE_LOADER = "$(TEST_HOST)";
				CODE_SIGN_STYLE = Automatic;
				INFOPLIST_FILE = FlashCardsTests/Info.plist;
				LD_RUNPATH_SEARCH_PATHS = (
					"$(inherited)",
					"@executable_path/Frameworks",
					"@loader_path/Frameworks",
				);
				PRODUCT_BUNDLE_IDENTIFIER = com.nikesh.FlashCardsTests;
				PRODUCT_NAME = "$(TARGET_NAME)";
				SWIFT_VERSION = 4.2;
				TARGETED_DEVICE_FAMILY = "1,2";
				TEST_HOST = "$(BUILT_PRODUCTS_DIR)/FlashCards.app/FlashCards";
			};
			name = Debug;
		};
		094FDCBA217BB002003E8A0E /* Release */ = {
			isa = XCBuildConfiguration;
			buildSettings = {
				ALWAYS_EMBED_SWIFT_STANDARD_LIBRARIES = YES;
				BUNDLE_LOADER = "$(TEST_HOST)";
				CODE_SIGN_STYLE = Automatic;
				INFOPLIST_FILE = FlashCardsTests/Info.plist;
				LD_RUNPATH_SEARCH_PATHS = (
					"$(inherited)",
					"@executable_path/Frameworks",
					"@loader_path/Frameworks",
				);
				PRODUCT_BUNDLE_IDENTIFIER = com.nikesh.FlashCardsTests;
				PRODUCT_NAME = "$(TARGET_NAME)";
				SWIFT_VERSION = 4.2;
				TARGETED_DEVICE_FAMILY = "1,2";
				TEST_HOST = "$(BUILT_PRODUCTS_DIR)/FlashCards.app/FlashCards";
			};
			name = Release;
		};
		094FDCBC217BB002003E8A0E /* Debug */ = {
			isa = XCBuildConfiguration;
			buildSettings = {
				ALWAYS_EMBED_SWIFT_STANDARD_LIBRARIES = YES;
				CODE_SIGN_STYLE = Automatic;
				INFOPLIST_FILE = FlashCardsUITests/Info.plist;
				LD_RUNPATH_SEARCH_PATHS = (
					"$(inherited)",
					"@executable_path/Frameworks",
					"@loader_path/Frameworks",
				);
				PRODUCT_BUNDLE_IDENTIFIER = com.nikesh.FlashCardsUITests;
				PRODUCT_NAME = "$(TARGET_NAME)";
				SWIFT_VERSION = 4.2;
				TARGETED_DEVICE_FAMILY = "1,2";
				TEST_TARGET_NAME = FlashCards;
			};
			name = Debug;
		};
		094FDCBD217BB002003E8A0E /* Release */ = {
			isa = XCBuildConfiguration;
			buildSettings = {
				ALWAYS_EMBED_SWIFT_STANDARD_LIBRARIES = YES;
				CODE_SIGN_STYLE = Automatic;
				INFOPLIST_FILE = FlashCardsUITests/Info.plist;
				LD_RUNPATH_SEARCH_PATHS = (
					"$(inherited)",
					"@executable_path/Frameworks",
					"@loader_path/Frameworks",
				);
				PRODUCT_BUNDLE_IDENTIFIER = com.nikesh.FlashCardsUITests;
				PRODUCT_NAME = "$(TARGET_NAME)";
				SWIFT_VERSION = 4.2;
				TARGETED_DEVICE_FAMILY = "1,2";
				TEST_TARGET_NAME = FlashCards;
			};
			name = Release;
		};
/* End XCBuildConfiguration section */

/* Begin XCConfigurationList section */
		094FDC88217BAFFC003E8A0E /* Build configuration list for PBXProject "FlashCards" */ = {
			isa = XCConfigurationList;
			buildConfigurations = (
				094FDCB3217BB002003E8A0E /* Debug */,
				094FDCB4217BB002003E8A0E /* Release */,
			);
			defaultConfigurationIsVisible = 0;
			defaultConfigurationName = Release;
		};
		094FDCB5217BB002003E8A0E /* Build configuration list for PBXNativeTarget "FlashCards" */ = {
			isa = XCConfigurationList;
			buildConfigurations = (
				094FDCB6217BB002003E8A0E /* Debug */,
				094FDCB7217BB002003E8A0E /* Release */,
			);
			defaultConfigurationIsVisible = 0;
			defaultConfigurationName = Release;
		};
		094FDCB8217BB002003E8A0E /* Build configuration list for PBXNativeTarget "FlashCardsTests" */ = {
			isa = XCConfigurationList;
			buildConfigurations = (
				094FDCB9217BB002003E8A0E /* Debug */,
				094FDCBA217BB002003E8A0E /* Release */,
			);
			defaultConfigurationIsVisible = 0;
			defaultConfigurationName = Release;
		};
		094FDCBB217BB002003E8A0E /* Build configuration list for PBXNativeTarget "FlashCardsUITests" */ = {
			isa = XCConfigurationList;
			buildConfigurations = (
				094FDCBC217BB002003E8A0E /* Debug */,
				094FDCBD217BB002003E8A0E /* Release */,
			);
			defaultConfigurationIsVisible = 0;
			defaultConfigurationName = Release;
		};
/* End XCConfigurationList section */
	};
	rootObject = 094FDC85217BAFFC003E8A0E /* Project object */;
}
